
Microsoft Visual Studio Solution File, Format Version 12.00
# Visual Studio Version 17
VisualStudioVersion = 17.11.35312.102
MinimumVisualStudioVersion = 10.0.40219.1
Project("{2150E333-8FDC-42A3-9474-1A3956D46DE8}") = "Internal", "Internal", "{0FBD8A5D-9F32-412B-917A-236BBB64555D}"
	ProjectSection(SolutionItems) = preProject
		Internal\.editorconfig = Internal\.editorconfig
	EndProjectSection
EndProject
Project("{2150E333-8FDC-42A3-9474-1A3956D46DE8}") = "QActions", "QActions", "{73F51D94-4087-4ED2-A361-19CD3878713B}"
EndProject
Project("{2150E333-8FDC-42A3-9474-1A3956D46DE8}") = "Tests", "Tests", "{36AE4AF5-CE56-4884-9061-C10B9ED2F878}"
EndProject
Project("{2150E333-8FDC-42A3-9474-1A3956D46DE8}") = "Dlls", "Dlls", "{1B0337C9-2561-4E02-A868-3A45956C39A4}"
	ProjectSection(SolutionItems) = preProject
		Dlls\ABOUT.md = Dlls\ABOUT.md
	EndProjectSection
EndProject
Project("{2150E333-8FDC-42A3-9474-1A3956D46DE8}") = "Documentation", "Documentation", "{41EDB185-ED90-4676-ACDC-EB968D7839BD}"
	ProjectSection(SolutionItems) = preProject
		Documentation\ABOUT.md = Documentation\ABOUT.md
	EndProjectSection
EndProject
Project("{2150E333-8FDC-42A3-9474-1A3956D46DE8}") = "DefaultTemplates", "DefaultTemplates", "{B136B5F3-160B-4C61-9715-2CF4AC573CE9}"
	ProjectSection(SolutionItems) = preProject
		DefaultTemplates\ABOUT.md = DefaultTemplates\ABOUT.md
	EndProjectSection
EndProject
Project("{2150E333-8FDC-42A3-9474-1A3956D46DE8}") = "Solution Items", "Solution Items", "{FBCF6C02-8D92-4B7A-98CC-217D0B9E28B8}"
	ProjectSection(SolutionItems) = preProject
		protocol.xml = protocol.xml
	EndProjectSection
EndProject
Project("{2150E333-8FDC-42A3-9474-1A3956D46DE8}") = "Code Analysis", "Code Analysis", "{37BA4516-4C52-46BB-8C07-D3110DEAEBAE}"
	ProjectSection(SolutionItems) = preProject
		Internal\Code Analysis\qaction-debug.ruleset = Internal\Code Analysis\qaction-debug.ruleset
		Internal\Code Analysis\qaction-release.ruleset = Internal\Code Analysis\qaction-release.ruleset
		Internal\Code Analysis\stylecop.json = Internal\Code Analysis\stylecop.json
	EndProjectSection
EndProject
Project("{9A19103F-16F7-4668-BE54-9A1E7A4F7556}") = "QAction_Helper", "QAction_Helper\QAction_Helper.csproj", "{7F7ACB07-3834-45BB-ACA9-CC69E8C4AB7C}"
EndProject
Project("{9A19103F-16F7-4668-BE54-9A1E7A4F7556}") = "QAction_4", "QAction_4\QAction_4.csproj", "{890752E4-F070-4E83-AA6A-B1B119CDDA2F}"
EndProject
Project("{9A19103F-16F7-4668-BE54-9A1E7A4F7556}") = "QAction_1", "QAction_1\QAction_1.csproj", "{4E7A5681-4823-41AD-BFBF-34970EEB178B}"
EndProject
Project("{9A19103F-16F7-4668-BE54-9A1E7A4F7556}") = "QAction_2", "QAction_2\QAction_2.csproj", "{D44334B5-EC96-4B3D-91E3-68A38D8735CD}"
EndProject
Project("{9A19103F-16F7-4668-BE54-9A1E7A4F7556}") = "QAction_15", "QAction_15\QAction_15.csproj", "{04722010-A7EE-4421-880F-5DD2377383C0}"
EndProject
Project("{9A19103F-16F7-4668-BE54-9A1E7A4F7556}") = "QAction_29", "QAction_29\QAction_29.csproj", "{2CBB7E7B-4627-4447-A48F-88089BD3D826}"
EndProject
Project("{9A19103F-16F7-4668-BE54-9A1E7A4F7556}") = "QAction_31", "QAction_31\QAction_31.csproj", "{58419165-9F48-4DB8-9781-608DECDAF693}"
EndProject
Project("{9A19103F-16F7-4668-BE54-9A1E7A4F7556}") = "QAction_32", "QAction_32\QAction_32.csproj", "{3C41E8A5-08C8-4F49-925E-F38265ED7095}"
EndProject
Project("{9A19103F-16F7-4668-BE54-9A1E7A4F7556}") = "QAction_33", "QAction_33\QAction_33.csproj", "{38B03783-91A2-406C-BC3B-D4AE1E4BF785}"
EndProject
Project("{9A19103F-16F7-4668-BE54-9A1E7A4F7556}") = "QAction_34", "QAction_34\QAction_34.csproj", "{402F3680-CF1F-474E-96E1-67317AF115EF}"
EndProject
Project("{9A19103F-16F7-4668-BE54-9A1E7A4F7556}") = "QAction_50", "QAction_50\QAction_50.csproj", "{740798F9-F841-499D-B489-2EB3926F5C68}"
EndProject
Project("{9A19103F-16F7-4668-BE54-9A1E7A4F7556}") = "QAction_59", "QAction_59\QAction_59.csproj", "{69B509EB-4588-4B4C-934F-E3FE0274C6A9}"
EndProject
Project("{9A19103F-16F7-4668-BE54-9A1E7A4F7556}") = "QAction_79", "QAction_79\QAction_79.csproj", "{5A9B0509-6E0A-41B6-84AB-E9D981F66BD5}"
EndProject
Project("{9A19103F-16F7-4668-BE54-9A1E7A4F7556}") = "QAction_80", "QAction_80\QAction_80.csproj", "{C1B64B56-2D5F-4D47-AC6D-6915C05D5527}"
EndProject
Project("{9A19103F-16F7-4668-BE54-9A1E7A4F7556}") = "QAction_90", "QAction_90\QAction_90.csproj", "{FC0939A2-8F41-4220-B74C-FA04CD5A9FFE}"
EndProject
Project("{9A19103F-16F7-4668-BE54-9A1E7A4F7556}") = "QAction_108", "QAction_108\QAction_108.csproj", "{E3316BC5-AABE-4FA1-B2FB-9173AE418A09}"
EndProject
Project("{9A19103F-16F7-4668-BE54-9A1E7A4F7556}") = "QAction_122", "QAction_122\QAction_122.csproj", "{3B65F768-6183-4203-9DB6-4C830B2FAE74}"
EndProject
Project("{9A19103F-16F7-4668-BE54-9A1E7A4F7556}") = "QAction_130", "QAction_130\QAction_130.csproj", "{F223361A-67CC-4107-849C-26C69142D0C2}"
EndProject
Project("{9A19103F-16F7-4668-BE54-9A1E7A4F7556}") = "QAction_269", "QAction_269\QAction_269.csproj", "{758836FF-1FD6-4A95-A0AE-268DAC21C45B}"
EndProject
Project("{9A19103F-16F7-4668-BE54-9A1E7A4F7556}") = "QAction_290", "QAction_290\QAction_290.csproj", "{FCA81D82-2379-404B-9DA5-38490BE91260}"
EndProject
Project("{9A19103F-16F7-4668-BE54-9A1E7A4F7556}") = "QAction_280", "QAction_280\QAction_280.csproj", "{E2A61FF3-9874-4489-8320-E29697A13FED}"
EndProject
Project("{9A19103F-16F7-4668-BE54-9A1E7A4F7556}") = "QAction_300", "QAction_300\QAction_300.csproj", "{E6EF79A6-787B-41F0-8B4B-8F42DCCF0D20}"
EndProject
Project("{9A19103F-16F7-4668-BE54-9A1E7A4F7556}") = "QAction_350", "QAction_350\QAction_350.csproj", "{1EA9BC2A-35AD-4C20-BE64-87B08587BB72}"
EndProject
Project("{9A19103F-16F7-4668-BE54-9A1E7A4F7556}") = "QAction_372", "QAction_372\QAction_372.csproj", "{ACAC5A8F-505D-4702-BAB3-B9F56199B3D3}"
EndProject
Project("{9A19103F-16F7-4668-BE54-9A1E7A4F7556}") = "QAction_450", "QAction_450\QAction_450.csproj", "{EC52B60F-E2AA-44D3-8C33-96F9083EA891}"
EndProject
Project("{9A19103F-16F7-4668-BE54-9A1E7A4F7556}") = "QAction_598", "QAction_598\QAction_598.csproj", "{824CBBBE-38AD-42EF-A250-09C4E97907C1}"
EndProject
Project("{9A19103F-16F7-4668-BE54-9A1E7A4F7556}") = "QAction_599", "QAction_599\QAction_599.csproj", "{1B541294-41F0-43DA-AF54-F8D1AB3245D3}"
EndProject
Project("{9A19103F-16F7-4668-BE54-9A1E7A4F7556}") = "QAction_600", "QAction_600\QAction_600.csproj", "{FBAFD14C-CF32-4BE6-A3A3-9AFB827759F0}"
EndProject
Project("{9A19103F-16F7-4668-BE54-9A1E7A4F7556}") = "QAction_700", "QAction_700\QAction_700.csproj", "{0F54C847-2D27-487C-BAF0-1C710481D2F1}"
EndProject
Project("{9A19103F-16F7-4668-BE54-9A1E7A4F7556}") = "QAction_818", "QAction_818\QAction_818.csproj", "{D1106DA4-5B30-47DB-91BB-E6E243385711}"
EndProject
Project("{9A19103F-16F7-4668-BE54-9A1E7A4F7556}") = "QAction_1000", "QAction_1000\QAction_1000.csproj", "{E97D7C05-A4D1-4C0F-B3B5-B51AF281B6DE}"
EndProject
Project("{9A19103F-16F7-4668-BE54-9A1E7A4F7556}") = "QAction_1010", "QAction_1010\QAction_1010.csproj", "{D168B74D-DAD4-42A7-B706-8ACEF524B78F}"
EndProject
Project("{9A19103F-16F7-4668-BE54-9A1E7A4F7556}") = "QAction_1050", "QAction_1050\QAction_1050.csproj", "{0249A814-B2A4-43C6-A3CE-BA45AA4BC89B}"
EndProject
Project("{9A19103F-16F7-4668-BE54-9A1E7A4F7556}") = "QAction_1080", "QAction_1080\QAction_1080.csproj", "{B650739E-318E-4C96-9972-5A818AED66A2}"
EndProject
Project("{9A19103F-16F7-4668-BE54-9A1E7A4F7556}") = "QAction_1200", "QAction_1200\QAction_1200.csproj", "{49A422CC-F1C9-4A48-AFBD-E610F62FFB37}"
EndProject
Project("{9A19103F-16F7-4668-BE54-9A1E7A4F7556}") = "QAction_1220", "QAction_1220\QAction_1220.csproj", "{ABFB9358-9EED-44AD-9FA6-417E1BAF3DB0}"
EndProject
Project("{9A19103F-16F7-4668-BE54-9A1E7A4F7556}") = "QAction_1221", "QAction_1221\QAction_1221.csproj", "{626CE1A6-42DA-4859-AD26-EAFE12B9378C}"
EndProject
Project("{9A19103F-16F7-4668-BE54-9A1E7A4F7556}") = "QAction_1300", "QAction_1300\QAction_1300.csproj", "{A2FD1BC2-0817-43F0-8280-D31E1036AB4C}"
EndProject
Project("{9A19103F-16F7-4668-BE54-9A1E7A4F7556}") = "QAction_1600", "QAction_1600\QAction_1600.csproj", "{B665D6DD-A752-4B9E-893A-20B1714B55E0}"
EndProject
Project("{9A19103F-16F7-4668-BE54-9A1E7A4F7556}") = "QAction_10016", "QAction_10016\QAction_10016.csproj", "{88309988-54EA-4EF1-B751-BE1BB0B6DE28}"
EndProject
Project("{9A19103F-16F7-4668-BE54-9A1E7A4F7556}") = "QAction_10150", "QAction_10150\QAction_10150.csproj", "{27F5FE1D-E77A-4382-8D6A-C43A18C47A79}"
EndProject
Project("{9A19103F-16F7-4668-BE54-9A1E7A4F7556}") = "QAction_22400", "QAction_22400\QAction_22400.csproj", "{E9457504-CE83-4D54-8B4B-CE1F848D29E0}"
EndProject
Project("{9A19103F-16F7-4668-BE54-9A1E7A4F7556}") = "QAction_40003", "QAction_40003\QAction_40003.csproj", "{BF6A0DFA-0483-4122-BE31-ADFFEA8BCBF7}"
EndProject
Project("{9A19103F-16F7-4668-BE54-9A1E7A4F7556}") = "QAction_40004", "QAction_40004\QAction_40004.csproj", "{CF842792-C4C3-48BA-88D9-6C9FAC3B7C1F}"
EndProject
Project("{9A19103F-16F7-4668-BE54-9A1E7A4F7556}") = "QAction_40021", "QAction_40021\QAction_40021.csproj", "{13193DAA-462C-4B6F-87FF-A9982296EC91}"
EndProject
Project("{9A19103F-16F7-4668-BE54-9A1E7A4F7556}") = "QAction_40022", "QAction_40022\QAction_40022.csproj", "{60BC40BA-6051-46AF-AEE7-0E20630F9F5B}"
EndProject
Project("{9A19103F-16F7-4668-BE54-9A1E7A4F7556}") = "QAction_40032", "QAction_40032\QAction_40032.csproj", "{8D3BCCB8-E2ED-4E10-A280-93EFA5341189}"
EndProject
Project("{9A19103F-16F7-4668-BE54-9A1E7A4F7556}") = "QAction_40040", "QAction_40040\QAction_40040.csproj", "{8C501439-657B-4BBF-845B-34A04CF6D416}"
EndProject
Project("{9A19103F-16F7-4668-BE54-9A1E7A4F7556}") = "QAction_40043", "QAction_40043\QAction_40043.csproj", "{51B48B0D-9B38-4F71-AB8A-D76E71E8AEB4}"
EndProject
Project("{9A19103F-16F7-4668-BE54-9A1E7A4F7556}") = "QAction_40045", "QAction_40045\QAction_40045.csproj", "{14415DEB-E70D-45E2-A98F-759B60986715}"
EndProject
Project("{9A19103F-16F7-4668-BE54-9A1E7A4F7556}") = "QAction_50000", "QAction_50000\QAction_50000.csproj", "{499AF6C5-3F8F-4B43-9756-3BC71EF32AC0}"
EndProject
Project("{9A19103F-16F7-4668-BE54-9A1E7A4F7556}") = "QAction_50250", "QAction_50250\QAction_50250.csproj", "{92ED55D0-4312-44B4-B43E-0595B7A6D65D}"
EndProject
Project("{9A19103F-16F7-4668-BE54-9A1E7A4F7556}") = "QAction_50500", "QAction_50500\QAction_50500.csproj", "{C2DAF83B-8319-485E-A805-B70D0EB19656}"
EndProject
Project("{9A19103F-16F7-4668-BE54-9A1E7A4F7556}") = "QAction_55000", "QAction_55000\QAction_55000.csproj", "{5C5C1CA8-E16D-4AAB-8EE9-81D5F0C564C0}"
EndProject
Project("{9A19103F-16F7-4668-BE54-9A1E7A4F7556}") = "QAction_55001", "QAction_55001\QAction_55001.csproj", "{8317AF90-204F-4F2E-96E9-B64A1A061DA0}"
EndProject
Project("{9A19103F-16F7-4668-BE54-9A1E7A4F7556}") = "QAction_55002", "QAction_55002\QAction_55002.csproj", "{59E5D67C-0619-43A3-94A4-32578534992F}"
EndProject
Project("{9A19103F-16F7-4668-BE54-9A1E7A4F7556}") = "QAction_55003", "QAction_55003\QAction_55003.csproj", "{8FF75076-F8D7-4082-941C-EE63841C2C58}"
EndProject
Project("{9A19103F-16F7-4668-BE54-9A1E7A4F7556}") = "QAction_5", "QAction_5\QAction_5.csproj", "{365A6F44-D008-48E0-B769-A7651AEC1C01}"
EndProject
Project("{9A19103F-16F7-4668-BE54-9A1E7A4F7556}") = "QAction_3", "QAction_3\QAction_3.csproj", "{637D21B2-C6B3-4A31-8241-DFF09C788CE8}"
EndProject
Project("{9A19103F-16F7-4668-BE54-9A1E7A4F7556}") = "QAction_6", "QAction_6\QAction_6.csproj", "{B7FCC5FF-3C0E-4C06-88CC-19DC003848D1}"
EndProject
Global
	GlobalSection(SolutionConfigurationPlatforms) = preSolution
		Debug|Any CPU = Debug|Any CPU
		Release|Any CPU = Release|Any CPU
	EndGlobalSection
	GlobalSection(ProjectConfigurationPlatforms) = postSolution
		{7F7ACB07-3834-45BB-ACA9-CC69E8C4AB7C}.Debug|Any CPU.ActiveCfg = Debug|Any CPU
		{7F7ACB07-3834-45BB-ACA9-CC69E8C4AB7C}.Debug|Any CPU.Build.0 = Debug|Any CPU
		{7F7ACB07-3834-45BB-ACA9-CC69E8C4AB7C}.Release|Any CPU.ActiveCfg = Release|Any CPU
		{7F7ACB07-3834-45BB-ACA9-CC69E8C4AB7C}.Release|Any CPU.Build.0 = Release|Any CPU
		{890752E4-F070-4E83-AA6A-B1B119CDDA2F}.Debug|Any CPU.ActiveCfg = Debug|Any CPU
		{890752E4-F070-4E83-AA6A-B1B119CDDA2F}.Debug|Any CPU.Build.0 = Debug|Any CPU
		{890752E4-F070-4E83-AA6A-B1B119CDDA2F}.Release|Any CPU.ActiveCfg = Release|Any CPU
		{890752E4-F070-4E83-AA6A-B1B119CDDA2F}.Release|Any CPU.Build.0 = Release|Any CPU
		{4E7A5681-4823-41AD-BFBF-34970EEB178B}.Debug|Any CPU.ActiveCfg = Debug|Any CPU
		{4E7A5681-4823-41AD-BFBF-34970EEB178B}.Debug|Any CPU.Build.0 = Debug|Any CPU
		{4E7A5681-4823-41AD-BFBF-34970EEB178B}.Release|Any CPU.ActiveCfg = Release|Any CPU
		{4E7A5681-4823-41AD-BFBF-34970EEB178B}.Release|Any CPU.Build.0 = Release|Any CPU
		{D44334B5-EC96-4B3D-91E3-68A38D8735CD}.Debug|Any CPU.ActiveCfg = Debug|Any CPU
		{D44334B5-EC96-4B3D-91E3-68A38D8735CD}.Debug|Any CPU.Build.0 = Debug|Any CPU
		{D44334B5-EC96-4B3D-91E3-68A38D8735CD}.Release|Any CPU.ActiveCfg = Release|Any CPU
		{D44334B5-EC96-4B3D-91E3-68A38D8735CD}.Release|Any CPU.Build.0 = Release|Any CPU
		{04722010-A7EE-4421-880F-5DD2377383C0}.Debug|Any CPU.ActiveCfg = Debug|Any CPU
		{04722010-A7EE-4421-880F-5DD2377383C0}.Debug|Any CPU.Build.0 = Debug|Any CPU
		{04722010-A7EE-4421-880F-5DD2377383C0}.Release|Any CPU.ActiveCfg = Release|Any CPU
		{04722010-A7EE-4421-880F-5DD2377383C0}.Release|Any CPU.Build.0 = Release|Any CPU
		{2CBB7E7B-4627-4447-A48F-88089BD3D826}.Debug|Any CPU.ActiveCfg = Debug|Any CPU
		{2CBB7E7B-4627-4447-A48F-88089BD3D826}.Debug|Any CPU.Build.0 = Debug|Any CPU
		{2CBB7E7B-4627-4447-A48F-88089BD3D826}.Release|Any CPU.ActiveCfg = Release|Any CPU
		{2CBB7E7B-4627-4447-A48F-88089BD3D826}.Release|Any CPU.Build.0 = Release|Any CPU
		{58419165-9F48-4DB8-9781-608DECDAF693}.Debug|Any CPU.ActiveCfg = Debug|Any CPU
		{58419165-9F48-4DB8-9781-608DECDAF693}.Debug|Any CPU.Build.0 = Debug|Any CPU
		{58419165-9F48-4DB8-9781-608DECDAF693}.Release|Any CPU.ActiveCfg = Release|Any CPU
		{58419165-9F48-4DB8-9781-608DECDAF693}.Release|Any CPU.Build.0 = Release|Any CPU
		{3C41E8A5-08C8-4F49-925E-F38265ED7095}.Debug|Any CPU.ActiveCfg = Debug|Any CPU
		{3C41E8A5-08C8-4F49-925E-F38265ED7095}.Debug|Any CPU.Build.0 = Debug|Any CPU
		{3C41E8A5-08C8-4F49-925E-F38265ED7095}.Release|Any CPU.ActiveCfg = Release|Any CPU
		{3C41E8A5-08C8-4F49-925E-F38265ED7095}.Release|Any CPU.Build.0 = Release|Any CPU
		{38B03783-91A2-406C-BC3B-D4AE1E4BF785}.Debug|Any CPU.ActiveCfg = Debug|Any CPU
		{38B03783-91A2-406C-BC3B-D4AE1E4BF785}.Debug|Any CPU.Build.0 = Debug|Any CPU
		{38B03783-91A2-406C-BC3B-D4AE1E4BF785}.Release|Any CPU.ActiveCfg = Release|Any CPU
		{38B03783-91A2-406C-BC3B-D4AE1E4BF785}.Release|Any CPU.Build.0 = Release|Any CPU
		{402F3680-CF1F-474E-96E1-67317AF115EF}.Debug|Any CPU.ActiveCfg = Debug|Any CPU
		{402F3680-CF1F-474E-96E1-67317AF115EF}.Debug|Any CPU.Build.0 = Debug|Any CPU
		{402F3680-CF1F-474E-96E1-67317AF115EF}.Release|Any CPU.ActiveCfg = Release|Any CPU
		{402F3680-CF1F-474E-96E1-67317AF115EF}.Release|Any CPU.Build.0 = Release|Any CPU
		{740798F9-F841-499D-B489-2EB3926F5C68}.Debug|Any CPU.ActiveCfg = Debug|Any CPU
		{740798F9-F841-499D-B489-2EB3926F5C68}.Debug|Any CPU.Build.0 = Debug|Any CPU
		{740798F9-F841-499D-B489-2EB3926F5C68}.Release|Any CPU.ActiveCfg = Release|Any CPU
		{740798F9-F841-499D-B489-2EB3926F5C68}.Release|Any CPU.Build.0 = Release|Any CPU
		{69B509EB-4588-4B4C-934F-E3FE0274C6A9}.Debug|Any CPU.ActiveCfg = Debug|Any CPU
		{69B509EB-4588-4B4C-934F-E3FE0274C6A9}.Debug|Any CPU.Build.0 = Debug|Any CPU
		{69B509EB-4588-4B4C-934F-E3FE0274C6A9}.Release|Any CPU.ActiveCfg = Release|Any CPU
		{69B509EB-4588-4B4C-934F-E3FE0274C6A9}.Release|Any CPU.Build.0 = Release|Any CPU
		{5A9B0509-6E0A-41B6-84AB-E9D981F66BD5}.Debug|Any CPU.ActiveCfg = Debug|Any CPU
		{5A9B0509-6E0A-41B6-84AB-E9D981F66BD5}.Debug|Any CPU.Build.0 = Debug|Any CPU
		{5A9B0509-6E0A-41B6-84AB-E9D981F66BD5}.Release|Any CPU.ActiveCfg = Release|Any CPU
		{5A9B0509-6E0A-41B6-84AB-E9D981F66BD5}.Release|Any CPU.Build.0 = Release|Any CPU
		{C1B64B56-2D5F-4D47-AC6D-6915C05D5527}.Debug|Any CPU.ActiveCfg = Debug|Any CPU
		{C1B64B56-2D5F-4D47-AC6D-6915C05D5527}.Debug|Any CPU.Build.0 = Debug|Any CPU
		{C1B64B56-2D5F-4D47-AC6D-6915C05D5527}.Release|Any CPU.ActiveCfg = Release|Any CPU
		{C1B64B56-2D5F-4D47-AC6D-6915C05D5527}.Release|Any CPU.Build.0 = Release|Any CPU
		{FC0939A2-8F41-4220-B74C-FA04CD5A9FFE}.Debug|Any CPU.ActiveCfg = Debug|Any CPU
		{FC0939A2-8F41-4220-B74C-FA04CD5A9FFE}.Debug|Any CPU.Build.0 = Debug|Any CPU
		{FC0939A2-8F41-4220-B74C-FA04CD5A9FFE}.Release|Any CPU.ActiveCfg = Release|Any CPU
		{FC0939A2-8F41-4220-B74C-FA04CD5A9FFE}.Release|Any CPU.Build.0 = Release|Any CPU
		{E3316BC5-AABE-4FA1-B2FB-9173AE418A09}.Debug|Any CPU.ActiveCfg = Debug|Any CPU
		{E3316BC5-AABE-4FA1-B2FB-9173AE418A09}.Debug|Any CPU.Build.0 = Debug|Any CPU
		{E3316BC5-AABE-4FA1-B2FB-9173AE418A09}.Release|Any CPU.ActiveCfg = Release|Any CPU
		{E3316BC5-AABE-4FA1-B2FB-9173AE418A09}.Release|Any CPU.Build.0 = Release|Any CPU
		{3B65F768-6183-4203-9DB6-4C830B2FAE74}.Debug|Any CPU.ActiveCfg = Debug|Any CPU
		{3B65F768-6183-4203-9DB6-4C830B2FAE74}.Debug|Any CPU.Build.0 = Debug|Any CPU
		{3B65F768-6183-4203-9DB6-4C830B2FAE74}.Release|Any CPU.ActiveCfg = Release|Any CPU
		{3B65F768-6183-4203-9DB6-4C830B2FAE74}.Release|Any CPU.Build.0 = Release|Any CPU
		{F223361A-67CC-4107-849C-26C69142D0C2}.Debug|Any CPU.ActiveCfg = Debug|Any CPU
		{F223361A-67CC-4107-849C-26C69142D0C2}.Debug|Any CPU.Build.0 = Debug|Any CPU
		{F223361A-67CC-4107-849C-26C69142D0C2}.Release|Any CPU.ActiveCfg = Release|Any CPU
		{F223361A-67CC-4107-849C-26C69142D0C2}.Release|Any CPU.Build.0 = Release|Any CPU
		{758836FF-1FD6-4A95-A0AE-268DAC21C45B}.Debug|Any CPU.ActiveCfg = Debug|Any CPU
		{758836FF-1FD6-4A95-A0AE-268DAC21C45B}.Debug|Any CPU.Build.0 = Debug|Any CPU
		{758836FF-1FD6-4A95-A0AE-268DAC21C45B}.Release|Any CPU.ActiveCfg = Release|Any CPU
		{758836FF-1FD6-4A95-A0AE-268DAC21C45B}.Release|Any CPU.Build.0 = Release|Any CPU
		{FCA81D82-2379-404B-9DA5-38490BE91260}.Debug|Any CPU.ActiveCfg = Debug|Any CPU
		{FCA81D82-2379-404B-9DA5-38490BE91260}.Debug|Any CPU.Build.0 = Debug|Any CPU
		{FCA81D82-2379-404B-9DA5-38490BE91260}.Release|Any CPU.ActiveCfg = Release|Any CPU
		{FCA81D82-2379-404B-9DA5-38490BE91260}.Release|Any CPU.Build.0 = Release|Any CPU
		{E2A61FF3-9874-4489-8320-E29697A13FED}.Debug|Any CPU.ActiveCfg = Debug|Any CPU
		{E2A61FF3-9874-4489-8320-E29697A13FED}.Debug|Any CPU.Build.0 = Debug|Any CPU
		{E2A61FF3-9874-4489-8320-E29697A13FED}.Release|Any CPU.ActiveCfg = Release|Any CPU
		{E2A61FF3-9874-4489-8320-E29697A13FED}.Release|Any CPU.Build.0 = Release|Any CPU
		{E6EF79A6-787B-41F0-8B4B-8F42DCCF0D20}.Debug|Any CPU.ActiveCfg = Debug|Any CPU
		{E6EF79A6-787B-41F0-8B4B-8F42DCCF0D20}.Debug|Any CPU.Build.0 = Debug|Any CPU
		{E6EF79A6-787B-41F0-8B4B-8F42DCCF0D20}.Release|Any CPU.ActiveCfg = Release|Any CPU
		{E6EF79A6-787B-41F0-8B4B-8F42DCCF0D20}.Release|Any CPU.Build.0 = Release|Any CPU
		{1EA9BC2A-35AD-4C20-BE64-87B08587BB72}.Debug|Any CPU.ActiveCfg = Debug|Any CPU
		{1EA9BC2A-35AD-4C20-BE64-87B08587BB72}.Debug|Any CPU.Build.0 = Debug|Any CPU
		{1EA9BC2A-35AD-4C20-BE64-87B08587BB72}.Release|Any CPU.ActiveCfg = Release|Any CPU
		{1EA9BC2A-35AD-4C20-BE64-87B08587BB72}.Release|Any CPU.Build.0 = Release|Any CPU
		{ACAC5A8F-505D-4702-BAB3-B9F56199B3D3}.Debug|Any CPU.ActiveCfg = Debug|Any CPU
		{ACAC5A8F-505D-4702-BAB3-B9F56199B3D3}.Debug|Any CPU.Build.0 = Debug|Any CPU
		{ACAC5A8F-505D-4702-BAB3-B9F56199B3D3}.Release|Any CPU.ActiveCfg = Release|Any CPU
		{ACAC5A8F-505D-4702-BAB3-B9F56199B3D3}.Release|Any CPU.Build.0 = Release|Any CPU
		{EC52B60F-E2AA-44D3-8C33-96F9083EA891}.Debug|Any CPU.ActiveCfg = Debug|Any CPU
		{EC52B60F-E2AA-44D3-8C33-96F9083EA891}.Debug|Any CPU.Build.0 = Debug|Any CPU
		{EC52B60F-E2AA-44D3-8C33-96F9083EA891}.Release|Any CPU.ActiveCfg = Release|Any CPU
		{EC52B60F-E2AA-44D3-8C33-96F9083EA891}.Release|Any CPU.Build.0 = Release|Any CPU
		{824CBBBE-38AD-42EF-A250-09C4E97907C1}.Debug|Any CPU.ActiveCfg = Debug|Any CPU
		{824CBBBE-38AD-42EF-A250-09C4E97907C1}.Debug|Any CPU.Build.0 = Debug|Any CPU
		{824CBBBE-38AD-42EF-A250-09C4E97907C1}.Release|Any CPU.ActiveCfg = Release|Any CPU
		{824CBBBE-38AD-42EF-A250-09C4E97907C1}.Release|Any CPU.Build.0 = Release|Any CPU
		{1B541294-41F0-43DA-AF54-F8D1AB3245D3}.Debug|Any CPU.ActiveCfg = Debug|Any CPU
		{1B541294-41F0-43DA-AF54-F8D1AB3245D3}.Debug|Any CPU.Build.0 = Debug|Any CPU
		{1B541294-41F0-43DA-AF54-F8D1AB3245D3}.Release|Any CPU.ActiveCfg = Release|Any CPU
		{1B541294-41F0-43DA-AF54-F8D1AB3245D3}.Release|Any CPU.Build.0 = Release|Any CPU
		{FBAFD14C-CF32-4BE6-A3A3-9AFB827759F0}.Debug|Any CPU.ActiveCfg = Debug|Any CPU
		{FBAFD14C-CF32-4BE6-A3A3-9AFB827759F0}.Debug|Any CPU.Build.0 = Debug|Any CPU
		{FBAFD14C-CF32-4BE6-A3A3-9AFB827759F0}.Release|Any CPU.ActiveCfg = Release|Any CPU
		{FBAFD14C-CF32-4BE6-A3A3-9AFB827759F0}.Release|Any CPU.Build.0 = Release|Any CPU
		{0F54C847-2D27-487C-BAF0-1C710481D2F1}.Debug|Any CPU.ActiveCfg = Debug|Any CPU
		{0F54C847-2D27-487C-BAF0-1C710481D2F1}.Debug|Any CPU.Build.0 = Debug|Any CPU
		{0F54C847-2D27-487C-BAF0-1C710481D2F1}.Release|Any CPU.ActiveCfg = Release|Any CPU
		{0F54C847-2D27-487C-BAF0-1C710481D2F1}.Release|Any CPU.Build.0 = Release|Any CPU
		{D1106DA4-5B30-47DB-91BB-E6E243385711}.Debug|Any CPU.ActiveCfg = Debug|Any CPU
		{D1106DA4-5B30-47DB-91BB-E6E243385711}.Debug|Any CPU.Build.0 = Debug|Any CPU
		{D1106DA4-5B30-47DB-91BB-E6E243385711}.Release|Any CPU.ActiveCfg = Release|Any CPU
		{D1106DA4-5B30-47DB-91BB-E6E243385711}.Release|Any CPU.Build.0 = Release|Any CPU
		{E97D7C05-A4D1-4C0F-B3B5-B51AF281B6DE}.Debug|Any CPU.ActiveCfg = Debug|Any CPU
		{E97D7C05-A4D1-4C0F-B3B5-B51AF281B6DE}.Debug|Any CPU.Build.0 = Debug|Any CPU
		{E97D7C05-A4D1-4C0F-B3B5-B51AF281B6DE}.Release|Any CPU.ActiveCfg = Release|Any CPU
		{E97D7C05-A4D1-4C0F-B3B5-B51AF281B6DE}.Release|Any CPU.Build.0 = Release|Any CPU
		{D168B74D-DAD4-42A7-B706-8ACEF524B78F}.Debug|Any CPU.ActiveCfg = Debug|Any CPU
		{D168B74D-DAD4-42A7-B706-8ACEF524B78F}.Debug|Any CPU.Build.0 = Debug|Any CPU
		{D168B74D-DAD4-42A7-B706-8ACEF524B78F}.Release|Any CPU.ActiveCfg = Release|Any CPU
		{D168B74D-DAD4-42A7-B706-8ACEF524B78F}.Release|Any CPU.Build.0 = Release|Any CPU
		{0249A814-B2A4-43C6-A3CE-BA45AA4BC89B}.Debug|Any CPU.ActiveCfg = Debug|Any CPU
		{0249A814-B2A4-43C6-A3CE-BA45AA4BC89B}.Debug|Any CPU.Build.0 = Debug|Any CPU
		{0249A814-B2A4-43C6-A3CE-BA45AA4BC89B}.Release|Any CPU.ActiveCfg = Release|Any CPU
		{0249A814-B2A4-43C6-A3CE-BA45AA4BC89B}.Release|Any CPU.Build.0 = Release|Any CPU
		{B650739E-318E-4C96-9972-5A818AED66A2}.Debug|Any CPU.ActiveCfg = Debug|Any CPU
		{B650739E-318E-4C96-9972-5A818AED66A2}.Debug|Any CPU.Build.0 = Debug|Any CPU
		{B650739E-318E-4C96-9972-5A818AED66A2}.Release|Any CPU.ActiveCfg = Release|Any CPU
		{B650739E-318E-4C96-9972-5A818AED66A2}.Release|Any CPU.Build.0 = Release|Any CPU
		{49A422CC-F1C9-4A48-AFBD-E610F62FFB37}.Debug|Any CPU.ActiveCfg = Debug|Any CPU
		{49A422CC-F1C9-4A48-AFBD-E610F62FFB37}.Debug|Any CPU.Build.0 = Debug|Any CPU
		{49A422CC-F1C9-4A48-AFBD-E610F62FFB37}.Release|Any CPU.ActiveCfg = Release|Any CPU
		{49A422CC-F1C9-4A48-AFBD-E610F62FFB37}.Release|Any CPU.Build.0 = Release|Any CPU
		{ABFB9358-9EED-44AD-9FA6-417E1BAF3DB0}.Debug|Any CPU.ActiveCfg = Debug|Any CPU
		{ABFB9358-9EED-44AD-9FA6-417E1BAF3DB0}.Debug|Any CPU.Build.0 = Debug|Any CPU
		{ABFB9358-9EED-44AD-9FA6-417E1BAF3DB0}.Release|Any CPU.ActiveCfg = Release|Any CPU
		{ABFB9358-9EED-44AD-9FA6-417E1BAF3DB0}.Release|Any CPU.Build.0 = Release|Any CPU
		{626CE1A6-42DA-4859-AD26-EAFE12B9378C}.Debug|Any CPU.ActiveCfg = Debug|Any CPU
		{626CE1A6-42DA-4859-AD26-EAFE12B9378C}.Debug|Any CPU.Build.0 = Debug|Any CPU
		{626CE1A6-42DA-4859-AD26-EAFE12B9378C}.Release|Any CPU.ActiveCfg = Release|Any CPU
		{626CE1A6-42DA-4859-AD26-EAFE12B9378C}.Release|Any CPU.Build.0 = Release|Any CPU
		{A2FD1BC2-0817-43F0-8280-D31E1036AB4C}.Debug|Any CPU.ActiveCfg = Debug|Any CPU
		{A2FD1BC2-0817-43F0-8280-D31E1036AB4C}.Debug|Any CPU.Build.0 = Debug|Any CPU
		{A2FD1BC2-0817-43F0-8280-D31E1036AB4C}.Release|Any CPU.ActiveCfg = Release|Any CPU
		{A2FD1BC2-0817-43F0-8280-D31E1036AB4C}.Release|Any CPU.Build.0 = Release|Any CPU
		{B665D6DD-A752-4B9E-893A-20B1714B55E0}.Debug|Any CPU.ActiveCfg = Debug|Any CPU
		{B665D6DD-A752-4B9E-893A-20B1714B55E0}.Debug|Any CPU.Build.0 = Debug|Any CPU
		{B665D6DD-A752-4B9E-893A-20B1714B55E0}.Release|Any CPU.ActiveCfg = Release|Any CPU
		{B665D6DD-A752-4B9E-893A-20B1714B55E0}.Release|Any CPU.Build.0 = Release|Any CPU
		{88309988-54EA-4EF1-B751-BE1BB0B6DE28}.Debug|Any CPU.ActiveCfg = Debug|Any CPU
		{88309988-54EA-4EF1-B751-BE1BB0B6DE28}.Debug|Any CPU.Build.0 = Debug|Any CPU
		{88309988-54EA-4EF1-B751-BE1BB0B6DE28}.Release|Any CPU.ActiveCfg = Release|Any CPU
		{88309988-54EA-4EF1-B751-BE1BB0B6DE28}.Release|Any CPU.Build.0 = Release|Any CPU
		{27F5FE1D-E77A-4382-8D6A-C43A18C47A79}.Debug|Any CPU.ActiveCfg = Debug|Any CPU
		{27F5FE1D-E77A-4382-8D6A-C43A18C47A79}.Debug|Any CPU.Build.0 = Debug|Any CPU
		{27F5FE1D-E77A-4382-8D6A-C43A18C47A79}.Release|Any CPU.ActiveCfg = Release|Any CPU
		{27F5FE1D-E77A-4382-8D6A-C43A18C47A79}.Release|Any CPU.Build.0 = Release|Any CPU
		{E9457504-CE83-4D54-8B4B-CE1F848D29E0}.Debug|Any CPU.ActiveCfg = Debug|Any CPU
		{E9457504-CE83-4D54-8B4B-CE1F848D29E0}.Debug|Any CPU.Build.0 = Debug|Any CPU
		{E9457504-CE83-4D54-8B4B-CE1F848D29E0}.Release|Any CPU.ActiveCfg = Release|Any CPU
		{E9457504-CE83-4D54-8B4B-CE1F848D29E0}.Release|Any CPU.Build.0 = Release|Any CPU
		{BF6A0DFA-0483-4122-BE31-ADFFEA8BCBF7}.Debug|Any CPU.ActiveCfg = Debug|Any CPU
		{BF6A0DFA-0483-4122-BE31-ADFFEA8BCBF7}.Debug|Any CPU.Build.0 = Debug|Any CPU
		{BF6A0DFA-0483-4122-BE31-ADFFEA8BCBF7}.Release|Any CPU.ActiveCfg = Release|Any CPU
		{BF6A0DFA-0483-4122-BE31-ADFFEA8BCBF7}.Release|Any CPU.Build.0 = Release|Any CPU
		{CF842792-C4C3-48BA-88D9-6C9FAC3B7C1F}.Debug|Any CPU.ActiveCfg = Debug|Any CPU
		{CF842792-C4C3-48BA-88D9-6C9FAC3B7C1F}.Debug|Any CPU.Build.0 = Debug|Any CPU
		{CF842792-C4C3-48BA-88D9-6C9FAC3B7C1F}.Release|Any CPU.ActiveCfg = Release|Any CPU
		{CF842792-C4C3-48BA-88D9-6C9FAC3B7C1F}.Release|Any CPU.Build.0 = Release|Any CPU
		{13193DAA-462C-4B6F-87FF-A9982296EC91}.Debug|Any CPU.ActiveCfg = Debug|Any CPU
		{13193DAA-462C-4B6F-87FF-A9982296EC91}.Debug|Any CPU.Build.0 = Debug|Any CPU
		{13193DAA-462C-4B6F-87FF-A9982296EC91}.Release|Any CPU.ActiveCfg = Release|Any CPU
		{13193DAA-462C-4B6F-87FF-A9982296EC91}.Release|Any CPU.Build.0 = Release|Any CPU
		{60BC40BA-6051-46AF-AEE7-0E20630F9F5B}.Debug|Any CPU.ActiveCfg = Debug|Any CPU
		{60BC40BA-6051-46AF-AEE7-0E20630F9F5B}.Debug|Any CPU.Build.0 = Debug|Any CPU
		{60BC40BA-6051-46AF-AEE7-0E20630F9F5B}.Release|Any CPU.ActiveCfg = Release|Any CPU
		{60BC40BA-6051-46AF-AEE7-0E20630F9F5B}.Release|Any CPU.Build.0 = Release|Any CPU
		{8D3BCCB8-E2ED-4E10-A280-93EFA5341189}.Debug|Any CPU.ActiveCfg = Debug|Any CPU
		{8D3BCCB8-E2ED-4E10-A280-93EFA5341189}.Debug|Any CPU.Build.0 = Debug|Any CPU
		{8D3BCCB8-E2ED-4E10-A280-93EFA5341189}.Release|Any CPU.ActiveCfg = Release|Any CPU
		{8D3BCCB8-E2ED-4E10-A280-93EFA5341189}.Release|Any CPU.Build.0 = Release|Any CPU
		{8C501439-657B-4BBF-845B-34A04CF6D416}.Debug|Any CPU.ActiveCfg = Debug|Any CPU
		{8C501439-657B-4BBF-845B-34A04CF6D416}.Debug|Any CPU.Build.0 = Debug|Any CPU
		{8C501439-657B-4BBF-845B-34A04CF6D416}.Release|Any CPU.ActiveCfg = Release|Any CPU
		{8C501439-657B-4BBF-845B-34A04CF6D416}.Release|Any CPU.Build.0 = Release|Any CPU
		{51B48B0D-9B38-4F71-AB8A-D76E71E8AEB4}.Debug|Any CPU.ActiveCfg = Debug|Any CPU
		{51B48B0D-9B38-4F71-AB8A-D76E71E8AEB4}.Debug|Any CPU.Build.0 = Debug|Any CPU
		{51B48B0D-9B38-4F71-AB8A-D76E71E8AEB4}.Release|Any CPU.ActiveCfg = Release|Any CPU
		{51B48B0D-9B38-4F71-AB8A-D76E71E8AEB4}.Release|Any CPU.Build.0 = Release|Any CPU
		{14415DEB-E70D-45E2-A98F-759B60986715}.Debug|Any CPU.ActiveCfg = Debug|Any CPU
		{14415DEB-E70D-45E2-A98F-759B60986715}.Debug|Any CPU.Build.0 = Debug|Any CPU
		{14415DEB-E70D-45E2-A98F-759B60986715}.Release|Any CPU.ActiveCfg = Release|Any CPU
		{14415DEB-E70D-45E2-A98F-759B60986715}.Release|Any CPU.Build.0 = Release|Any CPU
		{499AF6C5-3F8F-4B43-9756-3BC71EF32AC0}.Debug|Any CPU.ActiveCfg = Debug|Any CPU
		{499AF6C5-3F8F-4B43-9756-3BC71EF32AC0}.Debug|Any CPU.Build.0 = Debug|Any CPU
		{499AF6C5-3F8F-4B43-9756-3BC71EF32AC0}.Release|Any CPU.ActiveCfg = Release|Any CPU
		{499AF6C5-3F8F-4B43-9756-3BC71EF32AC0}.Release|Any CPU.Build.0 = Release|Any CPU
		{92ED55D0-4312-44B4-B43E-0595B7A6D65D}.Debug|Any CPU.ActiveCfg = Debug|Any CPU
		{92ED55D0-4312-44B4-B43E-0595B7A6D65D}.Debug|Any CPU.Build.0 = Debug|Any CPU
		{92ED55D0-4312-44B4-B43E-0595B7A6D65D}.Release|Any CPU.ActiveCfg = Release|Any CPU
		{92ED55D0-4312-44B4-B43E-0595B7A6D65D}.Release|Any CPU.Build.0 = Release|Any CPU
		{C2DAF83B-8319-485E-A805-B70D0EB19656}.Debug|Any CPU.ActiveCfg = Debug|Any CPU
		{C2DAF83B-8319-485E-A805-B70D0EB19656}.Debug|Any CPU.Build.0 = Debug|Any CPU
		{C2DAF83B-8319-485E-A805-B70D0EB19656}.Release|Any CPU.ActiveCfg = Release|Any CPU
		{C2DAF83B-8319-485E-A805-B70D0EB19656}.Release|Any CPU.Build.0 = Release|Any CPU
		{5C5C1CA8-E16D-4AAB-8EE9-81D5F0C564C0}.Debug|Any CPU.ActiveCfg = Debug|Any CPU
		{5C5C1CA8-E16D-4AAB-8EE9-81D5F0C564C0}.Debug|Any CPU.Build.0 = Debug|Any CPU
		{5C5C1CA8-E16D-4AAB-8EE9-81D5F0C564C0}.Release|Any CPU.ActiveCfg = Release|Any CPU
		{5C5C1CA8-E16D-4AAB-8EE9-81D5F0C564C0}.Release|Any CPU.Build.0 = Release|Any CPU
		{8317AF90-204F-4F2E-96E9-B64A1A061DA0}.Debug|Any CPU.ActiveCfg = Debug|Any CPU
		{8317AF90-204F-4F2E-96E9-B64A1A061DA0}.Debug|Any CPU.Build.0 = Debug|Any CPU
		{8317AF90-204F-4F2E-96E9-B64A1A061DA0}.Release|Any CPU.ActiveCfg = Release|Any CPU
		{8317AF90-204F-4F2E-96E9-B64A1A061DA0}.Release|Any CPU.Build.0 = Release|Any CPU
		{59E5D67C-0619-43A3-94A4-32578534992F}.Debug|Any CPU.ActiveCfg = Debug|Any CPU
		{59E5D67C-0619-43A3-94A4-32578534992F}.Debug|Any CPU.Build.0 = Debug|Any CPU
		{59E5D67C-0619-43A3-94A4-32578534992F}.Release|Any CPU.ActiveCfg = Release|Any CPU
		{59E5D67C-0619-43A3-94A4-32578534992F}.Release|Any CPU.Build.0 = Release|Any CPU
		{8FF75076-F8D7-4082-941C-EE63841C2C58}.Debug|Any CPU.ActiveCfg = Debug|Any CPU
		{8FF75076-F8D7-4082-941C-EE63841C2C58}.Debug|Any CPU.Build.0 = Debug|Any CPU
		{8FF75076-F8D7-4082-941C-EE63841C2C58}.Release|Any CPU.ActiveCfg = Release|Any CPU
		{8FF75076-F8D7-4082-941C-EE63841C2C58}.Release|Any CPU.Build.0 = Release|Any CPU
		{365A6F44-D008-48E0-B769-A7651AEC1C01}.Debug|Any CPU.ActiveCfg = Debug|Any CPU
		{365A6F44-D008-48E0-B769-A7651AEC1C01}.Debug|Any CPU.Build.0 = Debug|Any CPU
		{365A6F44-D008-48E0-B769-A7651AEC1C01}.Release|Any CPU.ActiveCfg = Release|Any CPU
		{365A6F44-D008-48E0-B769-A7651AEC1C01}.Release|Any CPU.Build.0 = Release|Any CPU
		{637D21B2-C6B3-4A31-8241-DFF09C788CE8}.Debug|Any CPU.ActiveCfg = Debug|Any CPU
		{637D21B2-C6B3-4A31-8241-DFF09C788CE8}.Debug|Any CPU.Build.0 = Debug|Any CPU
		{637D21B2-C6B3-4A31-8241-DFF09C788CE8}.Release|Any CPU.ActiveCfg = Release|Any CPU
		{637D21B2-C6B3-4A31-8241-DFF09C788CE8}.Release|Any CPU.Build.0 = Release|Any CPU
		{B7FCC5FF-3C0E-4C06-88CC-19DC003848D1}.Debug|Any CPU.ActiveCfg = Debug|Any CPU
		{B7FCC5FF-3C0E-4C06-88CC-19DC003848D1}.Debug|Any CPU.Build.0 = Debug|Any CPU
		{B7FCC5FF-3C0E-4C06-88CC-19DC003848D1}.Release|Any CPU.ActiveCfg = Release|Any CPU
		{B7FCC5FF-3C0E-4C06-88CC-19DC003848D1}.Release|Any CPU.Build.0 = Release|Any CPU
	EndGlobalSection
	GlobalSection(SolutionProperties) = preSolution
		HideSolutionNode = FALSE
	EndGlobalSection
	GlobalSection(NestedProjects) = preSolution
		{37BA4516-4C52-46BB-8C07-D3110DEAEBAE} = {0FBD8A5D-9F32-412B-917A-236BBB64555D}
		{7F7ACB07-3834-45BB-ACA9-CC69E8C4AB7C} = {0FBD8A5D-9F32-412B-917A-236BBB64555D}
		{890752E4-F070-4E83-AA6A-B1B119CDDA2F} = {73F51D94-4087-4ED2-A361-19CD3878713B}
		{4E7A5681-4823-41AD-BFBF-34970EEB178B} = {73F51D94-4087-4ED2-A361-19CD3878713B}
		{D44334B5-EC96-4B3D-91E3-68A38D8735CD} = {73F51D94-4087-4ED2-A361-19CD3878713B}
		{04722010-A7EE-4421-880F-5DD2377383C0} = {73F51D94-4087-4ED2-A361-19CD3878713B}
		{2CBB7E7B-4627-4447-A48F-88089BD3D826} = {73F51D94-4087-4ED2-A361-19CD3878713B}
		{58419165-9F48-4DB8-9781-608DECDAF693} = {73F51D94-4087-4ED2-A361-19CD3878713B}
		{3C41E8A5-08C8-4F49-925E-F38265ED7095} = {73F51D94-4087-4ED2-A361-19CD3878713B}
		{38B03783-91A2-406C-BC3B-D4AE1E4BF785} = {73F51D94-4087-4ED2-A361-19CD3878713B}
		{402F3680-CF1F-474E-96E1-67317AF115EF} = {73F51D94-4087-4ED2-A361-19CD3878713B}
		{740798F9-F841-499D-B489-2EB3926F5C68} = {73F51D94-4087-4ED2-A361-19CD3878713B}
		{69B509EB-4588-4B4C-934F-E3FE0274C6A9} = {73F51D94-4087-4ED2-A361-19CD3878713B}
		{5A9B0509-6E0A-41B6-84AB-E9D981F66BD5} = {73F51D94-4087-4ED2-A361-19CD3878713B}
		{C1B64B56-2D5F-4D47-AC6D-6915C05D5527} = {73F51D94-4087-4ED2-A361-19CD3878713B}
		{FC0939A2-8F41-4220-B74C-FA04CD5A9FFE} = {73F51D94-4087-4ED2-A361-19CD3878713B}
		{E3316BC5-AABE-4FA1-B2FB-9173AE418A09} = {73F51D94-4087-4ED2-A361-19CD3878713B}
		{3B65F768-6183-4203-9DB6-4C830B2FAE74} = {73F51D94-4087-4ED2-A361-19CD3878713B}
		{F223361A-67CC-4107-849C-26C69142D0C2} = {73F51D94-4087-4ED2-A361-19CD3878713B}
		{758836FF-1FD6-4A95-A0AE-268DAC21C45B} = {73F51D94-4087-4ED2-A361-19CD3878713B}
		{FCA81D82-2379-404B-9DA5-38490BE91260} = {73F51D94-4087-4ED2-A361-19CD3878713B}
		{E2A61FF3-9874-4489-8320-E29697A13FED} = {73F51D94-4087-4ED2-A361-19CD3878713B}
		{E6EF79A6-787B-41F0-8B4B-8F42DCCF0D20} = {73F51D94-4087-4ED2-A361-19CD3878713B}
		{1EA9BC2A-35AD-4C20-BE64-87B08587BB72} = {73F51D94-4087-4ED2-A361-19CD3878713B}
		{ACAC5A8F-505D-4702-BAB3-B9F56199B3D3} = {73F51D94-4087-4ED2-A361-19CD3878713B}
		{EC52B60F-E2AA-44D3-8C33-96F9083EA891} = {73F51D94-4087-4ED2-A361-19CD3878713B}
		{824CBBBE-38AD-42EF-A250-09C4E97907C1} = {73F51D94-4087-4ED2-A361-19CD3878713B}
		{1B541294-41F0-43DA-AF54-F8D1AB3245D3} = {73F51D94-4087-4ED2-A361-19CD3878713B}
		{FBAFD14C-CF32-4BE6-A3A3-9AFB827759F0} = {73F51D94-4087-4ED2-A361-19CD3878713B}
		{0F54C847-2D27-487C-BAF0-1C710481D2F1} = {73F51D94-4087-4ED2-A361-19CD3878713B}
		{D1106DA4-5B30-47DB-91BB-E6E243385711} = {73F51D94-4087-4ED2-A361-19CD3878713B}
		{E97D7C05-A4D1-4C0F-B3B5-B51AF281B6DE} = {73F51D94-4087-4ED2-A361-19CD3878713B}
		{D168B74D-DAD4-42A7-B706-8ACEF524B78F} = {73F51D94-4087-4ED2-A361-19CD3878713B}
		{0249A814-B2A4-43C6-A3CE-BA45AA4BC89B} = {73F51D94-4087-4ED2-A361-19CD3878713B}
		{B650739E-318E-4C96-9972-5A818AED66A2} = {73F51D94-4087-4ED2-A361-19CD3878713B}
		{49A422CC-F1C9-4A48-AFBD-E610F62FFB37} = {73F51D94-4087-4ED2-A361-19CD3878713B}
		{ABFB9358-9EED-44AD-9FA6-417E1BAF3DB0} = {73F51D94-4087-4ED2-A361-19CD3878713B}
		{626CE1A6-42DA-4859-AD26-EAFE12B9378C} = {73F51D94-4087-4ED2-A361-19CD3878713B}
		{A2FD1BC2-0817-43F0-8280-D31E1036AB4C} = {73F51D94-4087-4ED2-A361-19CD3878713B}
		{B665D6DD-A752-4B9E-893A-20B1714B55E0} = {73F51D94-4087-4ED2-A361-19CD3878713B}
		{88309988-54EA-4EF1-B751-BE1BB0B6DE28} = {73F51D94-4087-4ED2-A361-19CD3878713B}
		{27F5FE1D-E77A-4382-8D6A-C43A18C47A79} = {73F51D94-4087-4ED2-A361-19CD3878713B}
		{E9457504-CE83-4D54-8B4B-CE1F848D29E0} = {73F51D94-4087-4ED2-A361-19CD3878713B}
		{BF6A0DFA-0483-4122-BE31-ADFFEA8BCBF7} = {73F51D94-4087-4ED2-A361-19CD3878713B}
		{CF842792-C4C3-48BA-88D9-6C9FAC3B7C1F} = {73F51D94-4087-4ED2-A361-19CD3878713B}
		{13193DAA-462C-4B6F-87FF-A9982296EC91} = {73F51D94-4087-4ED2-A361-19CD3878713B}
		{60BC40BA-6051-46AF-AEE7-0E20630F9F5B} = {73F51D94-4087-4ED2-A361-19CD3878713B}
		{8D3BCCB8-E2ED-4E10-A280-93EFA5341189} = {73F51D94-4087-4ED2-A361-19CD3878713B}
		{8C501439-657B-4BBF-845B-34A04CF6D416} = {73F51D94-4087-4ED2-A361-19CD3878713B}
		{51B48B0D-9B38-4F71-AB8A-D76E71E8AEB4} = {73F51D94-4087-4ED2-A361-19CD3878713B}
		{14415DEB-E70D-45E2-A98F-759B60986715} = {73F51D94-4087-4ED2-A361-19CD3878713B}
		{499AF6C5-3F8F-4B43-9756-3BC71EF32AC0} = {73F51D94-4087-4ED2-A361-19CD3878713B}
		{92ED55D0-4312-44B4-B43E-0595B7A6D65D} = {73F51D94-4087-4ED2-A361-19CD3878713B}
		{C2DAF83B-8319-485E-A805-B70D0EB19656} = {73F51D94-4087-4ED2-A361-19CD3878713B}
		{5C5C1CA8-E16D-4AAB-8EE9-81D5F0C564C0} = {73F51D94-4087-4ED2-A361-19CD3878713B}
		{8317AF90-204F-4F2E-96E9-B64A1A061DA0} = {73F51D94-4087-4ED2-A361-19CD3878713B}
		{59E5D67C-0619-43A3-94A4-32578534992F} = {73F51D94-4087-4ED2-A361-19CD3878713B}
		{8FF75076-F8D7-4082-941C-EE63841C2C58} = {73F51D94-4087-4ED2-A361-19CD3878713B}
		{365A6F44-D008-48E0-B769-A7651AEC1C01} = {73F51D94-4087-4ED2-A361-19CD3878713B}
		{637D21B2-C6B3-4A31-8241-DFF09C788CE8} = {73F51D94-4087-4ED2-A361-19CD3878713B}
		{B7FCC5FF-3C0E-4C06-88CC-19DC003848D1} = {73F51D94-4087-4ED2-A361-19CD3878713B}
	EndGlobalSection
	GlobalSection(ExtensibilityGlobals) = postSolution
		SolutionGuid = {36714F0B-BF2B-47BC-9F96-9156E8567DB5}
	EndGlobalSection
EndGlobal
